
Microsoft Visual Studio Solution File, Format Version 12.00
# Visual Studio Version 17
VisualStudioVersion = 17.0.31903.59
MinimumVisualStudioVersion = 10.0.40219.1
Project("{2150E333-8FDC-42A3-9474-1A3956D46DE8}") = "src", "src", "{66A3045D-4C5C-40E5-9858-C1B945B95243}"
EndProject
Project("{FAE04EC0-301F-11D3-BF4B-00C04F79EFBC}") = "PromptCleaner.Core", "src\PromptCleaner.Core\PromptCleaner.Core.csproj", "{90B1B9E4-4007-4570-8CB7-DDA719DB3ABD}"
EndProject
Project("{FAE04EC0-301F-11D3-BF4B-00C04F79EFBC}") = "PromptCleaner.App", "src\PromptCleaner.App\PromptCleaner.App.csproj", "{81928623-3CED-48FE-8F45-67339C5FE977}"
EndProject
Project("{2150E333-8FDC-42A3-9474-1A3956D46DE8}") = "tests", "tests", "{233943B4-DDA8-4B8A-8D32-88B7A3799463}"
EndProject
Project("{FAE04EC0-301F-11D3-BF4B-00C04F79EFBC}") = "PromptCleaner.Core.Tests", "tests\PromptCleaner.Core.Tests\PromptCleaner.Core.Tests.csproj", "{6D14267B-CD08-42EE-939E-375AA728BF85}"
EndProject
Global
	GlobalSection(SolutionConfigurationPlatforms) = preSolution
		Debug|Any CPU = Debug|Any CPU
		Release|Any CPU = Release|Any CPU
	EndGlobalSection
	GlobalSection(SolutionProperties) = preSolution
		HideSolutionNode = FALSE
	EndGlobalSection
	GlobalSection(ProjectConfigurationPlatforms) = postSolution
		{90B1B9E4-4007-4570-8CB7-DDA719DB3ABD}.Debug|Any CPU.ActiveCfg = Debug|Any CPU
		{90B1B9E4-4007-4570-8CB7-DDA719DB3ABD}.Debug|Any CPU.Build.0 = Debug|Any CPU
		{90B1B9E4-4007-4570-8CB7-DDA719DB3ABD}.Release|Any CPU.ActiveCfg = Release|Any CPU
		{90B1B9E4-4007-4570-8CB7-DDA719DB3ABD}.Release|Any CPU.Build.0 = Release|Any CPU
		{81928623-3CED-48FE-8F45-67339C5FE977}.Debug|Any CPU.ActiveCfg = Debug|Any CPU
		{81928623-3CED-48FE-8F45-67339C5FE977}.Debug|Any CPU.Build.0 = Debug|Any CPU
		{81928623-3CED-48FE-8F45-67339C5FE977}.Release|Any CPU.ActiveCfg = Release|Any CPU
		{81928623-3CED-48FE-8F45-67339C5FE977}.Release|Any CPU.Build.0 = Release|Any CPU
		{6D14267B-CD08-42EE-939E-375AA728BF85}.Debug|Any CPU.ActiveCfg = Debug|Any CPU
		{6D14267B-CD08-42EE-939E-375AA728BF85}.Debug|Any CPU.Build.0 = Debug|Any CPU
		{6D14267B-CD08-42EE-939E-375AA728BF85}.Release|Any CPU.ActiveCfg = Release|Any CPU
		{6D14267B-CD08-42EE-939E-375AA728BF85}.Release|Any CPU.Build.0 = Release|Any CPU
	EndGlobalSection
	GlobalSection(NestedProjects) = preSolution
		{90B1B9E4-4007-4570-8CB7-DDA719DB3ABD} = {66A3045D-4C5C-40E5-9858-C1B945B95243}
		{81928623-3CED-48FE-8F45-67339C5FE977} = {66A3045D-4C5C-40E5-9858-C1B945B95243}
		{6D14267B-CD08-42EE-939E-375AA728BF85} = {233943B4-DDA8-4B8A-8D32-88B7A3799463}
	EndGlobalSection
EndGlobal
